PODS:
  - AUKO_DrawView (0.0.1)
  - AUKO_ECG (0.0.3)
  - Masonry (1.1.0)

DEPENDENCIES:
  - AUKO_DrawView (~> 0.0.1)
  - AUKO_ECG (~> 0.0.3)
  - Masonry

SPEC REPOS:
  https://github.com/cocoapods/specs.git:
    - AUKO_DrawView
    - AUKO_ECG
    - Masonry

SPEC CHECKSUMS:
  AUKO_DrawView: 38a412f1a9986720a7d02c114126973feda020d8
  AUKO_ECG: dafbe1c70d4ab006159dfac7fb4066789f280a24
  Masonry: 678fab65091a9290e40e2832a55e7ab731aad201

PODFILE CHECKSUM: fa5d0f57d439736f74eabf3fc1cab45733056080

COCOAPODS: 1.5.3
