PODS:
  - AUKO_DrawView (0.0.1)
  - AUKO_ECG (0.0.5)
  - Masonry (1.1.0)

DEPENDENCIES:
  - AUKO_DrawView (~> 0.0.1)
  - AUKO_ECG (~> 0.0.5)
  - Masonry

SPEC REPOS:
  https://github.com/cocoapods/specs.git:
    - AUKO_DrawView
    - AUKO_ECG
    - Masonry

SPEC CHECKSUMS:
  AUKO_DrawView: 38a412f1a9986720a7d02c114126973feda020d8
  AUKO_ECG: 013c5adcbacbc9c8fa4b4afc8c195649de553c47
  Masonry: 678fab65091a9290e40e2832a55e7ab731aad201

PODFILE CHECKSUM: 28700b53871351f517670eeb462451610387daba

COCOAPODS: 1.5.3
